<?xml version="1.0" encoding="utf-8"?>
<Project ToolsVersion="4.0" xmlns="http://schemas.microsoft.com/developer/msbuild/2003">
  <ItemGroup>
    <ClCompile Include="KrakenCodInt.cpp" />
    <ClCompile Include="arrays_strings.cpp">
      <Filter>chapter_1</Filter>
    </ClCompile>
  </ItemGroup>
  <ItemGroup>
    <Filter Include="chapter_1">
      <UniqueIdentifier>{51a9ec72-0ea3-4617-a3ac-e473c13180ee}</UniqueIdentifier>
    </Filter>
  </ItemGroup>
  <ItemGroup>
    <ClInclude Include="arrays_strings.h">
      <Filter>chapter_1</Filter>
    </ClInclude>
    <ClInclude Include="Runner.h" />
    <ClInclude Include="Algo_ThreeSum.h" />
    <ClInclude Include="LargestRectangleHistogram.h" />
    <ClInclude Include="RegularExpressisonMatchMaking.h" />
    <ClInclude Include="MostPeopleAlive.h" />
  </ItemGroup>
  <ItemGroup>
    <Text Include="algo_tests.txt" />
  </ItemGroup>
</Project>